// !$*UTF8*$!
{
	archiveVersion = 1;
	classes = {
	};
	objectVersion = 50;
	objects = {

/* Begin PBXBuildFile section */
		ACC77CDF261019D800A58FEB /* PracticingDataFlowInSwiftUIApp.swift in Sources */ = {isa = PBXBuildFile; fileRef = ACC77CCC261019D700A58FEB /* PracticingDataFlowInSwiftUIApp.swift */; };
		ACC77CE0261019D800A58FEB /* PracticingDataFlowInSwiftUIApp.swift in Sources */ = {isa = PBXBuildFile; fileRef = ACC77CCC261019D700A58FEB /* PracticingDataFlowInSwiftUIApp.swift */; };
		ACC77CE1261019D800A58FEB /* ContentView.swift in Sources */ = {isa = PBXBuildFile; fileRef = ACC77CCD261019D700A58FEB /* ContentView.swift */; };
		ACC77CE2261019D800A58FEB /* ContentView.swift in Sources */ = {isa = PBXBuildFile; fileRef = ACC77CCD261019D700A58FEB /* ContentView.swift */; };
		ACC77CE3261019D800A58FEB /* Assets.xcassets in Resources */ = {isa = PBXBuildFile; fileRef = ACC77CCE261019D800A58FEB /* Assets.xcassets */; };
		ACC77CE4261019D800A58FEB /* Assets.xcassets in Resources */ = {isa = PBXBuildFile; fileRef = ACC77CCE261019D800A58FEB /* Assets.xcassets */; };
		ACC77CF526101ECB00A58FEB /* ResultView.swift in Sources */ = {isa = PBXBuildFile; fileRef = ACC77CF426101ECB00A58FEB /* ResultView.swift */; };
		ACC77CF626101ECB00A58FEB /* ResultView.swift in Sources */ = {isa = PBXBuildFile; fileRef = ACC77CF426101ECB00A58FEB /* ResultView.swift */; };
/* End PBXBuildFile section */

/* Begin PBXFileReference section */
		ACC77CCC261019D700A58FEB /* PracticingDataFlowInSwiftUIApp.swift */ = {isa = PBXFileReference; lastKnownFileType = sourcecode.swift; path = PracticingDataFlowInSwiftUIApp.swift; sourceTree = "<group>"; };
		ACC77CCD261019D700A58FEB /* ContentView.swift */ = {isa = PBXFileReference; lastKnownFileType = sourcecode.swift; path = ContentView.swift; sourceTree = "<group>"; };
		ACC77CCE261019D800A58FEB /* Assets.xcassets */ = {isa = PBXFileReference; lastKnownFileType = folder.assetcatalog; path = Assets.xcassets; sourceTree = "<group>"; };
		ACC77CD3261019D800A58FEB /* PracticingDataFlowInSwiftUI.app */ = {isa = PBXFileReference; explicitFileType = wrapper.application; includeInIndex = 0; path = PracticingDataFlowInSwiftUI.app; sourceTree = BUILT_PRODUCTS_DIR; };
		ACC77CD6261019D800A58FEB /* Info.plist */ = {isa = PBXFileReference; lastKnownFileType = text.plist.xml; path = Info.plist; sourceTree = "<group>"; };
		ACC77CDB261019D800A58FEB /* PracticingDataFlowInSwiftUI.app */ = {isa = PBXFileReference; explicitFileType = wrapper.application; includeInIndex = 0; path = PracticingDataFlowInSwiftUI.app; sourceTree = BUILT_PRODUCTS_DIR; };
		ACC77CDD261019D800A58FEB /* Info.plist */ = {isa = PBXFileReference; lastKnownFileType = text.plist.xml; path = Info.plist; sourceTree = "<group>"; };
		ACC77CDE261019D800A58FEB /* macOS.entitlements */ = {isa = PBXFileReference; lastKnownFileType = text.plist.entitlements; path = macOS.entitlements; sourceTree = "<group>"; };
		ACC77CF426101ECB00A58FEB /* ResultView.swift */ = {isa = PBXFileReference; lastKnownFileType = sourcecode.swift; path = ResultView.swift; sourceTree = "<group>"; };
/* End PBXFileReference section */

/* Begin PBXFrameworksBuildPhase section */
		ACC77CD0261019D800A58FEB /* Frameworks */ = {
			isa = PBXFrameworksBuildPhase;
			buildActionMask = 2147483647;
			files = (
			);
			runOnlyForDeploymentPostprocessing = 0;
		};
		ACC77CD8261019D800A58FEB /* Frameworks */ = {
			isa = PBXFrameworksBuildPhase;
			buildActionMask = 2147483647;
			files = (
			);
			runOnlyForDeploymentPostprocessing = 0;
		};
/* End PBXFrameworksBuildPhase section */

/* Begin PBXGroup section */
		ACC77CC6261019D700A58FEB = {
			isa = PBXGroup;
			children = (
				ACC77CCB261019D700A58FEB /* Shared */,
				ACC77CD5261019D800A58FEB /* iOS */,
				ACC77CDC261019D800A58FEB /* macOS */,
				ACC77CD4261019D800A58FEB /* Products */,
			);
			sourceTree = "<group>";
		};
		ACC77CCB261019D700A58FEB /* Shared */ = {
			isa = PBXGroup;
			children = (
				ACC77CCC261019D700A58FEB /* PracticingDataFlowInSwiftUIApp.swift */,
				ACC77CEF26101E7500A58FEB /* Views */,
				ACC77CCE261019D800A58FEB /* Assets.xcassets */,
			);
			path = Shared;
			sourceTree = "<group>";
		};
		ACC77CD4261019D800A58FEB /* Products */ = {
			isa = PBXGroup;
			children = (
				ACC77CD3261019D800A58FEB /* PracticingDataFlowInSwiftUI.app */,
				ACC77CDB261019D800A58FEB /* PracticingDataFlowInSwiftUI.app */,
			);
			name = Products;
			sourceTree = "<group>";
		};
		ACC77CD5261019D800A58FEB /* iOS */ = {
			isa = PBXGroup;
			children = (
				ACC77CD6261019D800A58FEB /* Info.plist */,
			);
			path = iOS;
			sourceTree = "<group>";
		};
		ACC77CDC261019D800A58FEB /* macOS */ = {
			isa = PBXGroup;
			children = (
				ACC77CDD261019D800A58FEB /* Info.plist */,
				ACC77CDE261019D800A58FEB /* macOS.entitlements */,
			);
			path = macOS;
			sourceTree = "<group>";
		};
		ACC77CEF26101E7500A58FEB /* Views */ = {
			isa = PBXGroup;
			children = (
				ACC77CCD261019D700A58FEB /* ContentView.swift */,
				ACC77CF426101ECB00A58FEB /* ResultView.swift */,
			);
			path = Views;
			sourceTree = "<group>";
		};
/* End PBXGroup section */

/* Begin PBXNativeTarget section */
		ACC77CD2261019D800A58FEB /* PracticingDataFlowInSwiftUI (iOS) */ = {
			isa = PBXNativeTarget;
			buildConfigurationList = ACC77CE7261019D800A58FEB /* Build configuration list for PBXNativeTarget "PracticingDataFlowInSwiftUI (iOS)" */;
			buildPhases = (
				ACC77CCF261019D800A58FEB /* Sources */,
				ACC77CD0261019D800A58FEB /* Frameworks */,
				ACC77CD1261019D800A58FEB /* Resources */,
			);
			buildRules = (
			);
			dependencies = (
			);
			name = "PracticingDataFlowInSwiftUI (iOS)";
			productName = "PracticingDataFlowInSwiftUI (iOS)";
			productReference = ACC77CD3261019D800A58FEB /* PracticingDataFlowInSwiftUI.app */;
			productType = "com.apple.product-type.application";
		};
		ACC77CDA261019D800A58FEB /* PracticingDataFlowInSwiftUI (macOS) */ = {
			isa = PBXNativeTarget;
			buildConfigurationList = ACC77CEA261019D800A58FEB /* Build configuration list for PBXNativeTarget "PracticingDataFlowInSwiftUI (macOS)" */;
			buildPhases = (
				ACC77CD7261019D800A58FEB /* Sources */,
				ACC77CD8261019D800A58FEB /* Frameworks */,
				ACC77CD9261019D800A58FEB /* Resources */,
			);
			buildRules = (
			);
			dependencies = (
			);
			name = "PracticingDataFlowInSwiftUI (macOS)";
			productName = "PracticingDataFlowInSwiftUI (macOS)";
			productReference = ACC77CDB261019D800A58FEB /* PracticingDataFlowInSwiftUI.app */;
			productType = "com.apple.product-type.application";
		};
/* End PBXNativeTarget section */

/* Begin PBXProject section */
		ACC77CC7261019D700A58FEB /* Project object */ = {
			isa = PBXProject;
			attributes = {
				LastSwiftUpdateCheck = 1240;
				LastUpgradeCheck = 1240;
				TargetAttributes = {
					ACC77CD2261019D800A58FEB = {
						CreatedOnToolsVersion = 12.4;
					};
					ACC77CDA261019D800A58FEB = {
						CreatedOnToolsVersion = 12.4;
					};
				};
			};
			buildConfigurationList = ACC77CCA261019D700A58FEB /* Build configuration list for PBXProject "PracticingDataFlowInSwiftUI" */;
			compatibilityVersion = "Xcode 9.3";
			developmentRegion = en;
			hasScannedForEncodings = 0;
			knownRegions = (
				en,
				Base,
			);
			mainGroup = ACC77CC6261019D700A58FEB;
			productRefGroup = ACC77CD4261019D800A58FEB /* Products */;
			projectDirPath = "";
			projectRoot = "";
			targets = (
				ACC77CD2261019D800A58FEB /* PracticingDataFlowInSwiftUI (iOS) */,
				ACC77CDA261019D800A58FEB /* PracticingDataFlowInSwiftUI (macOS) */,
			);
		};
/* End PBXProject section */

/* Begin PBXResourcesBuildPhase section */
		ACC77CD1261019D800A58FEB /* Resources */ = {
			isa = PBXResourcesBuildPhase;
			buildActionMask = 2147483647;
			files = (
				ACC77CE3261019D800A58FEB /* Assets.xcassets in Resources */,
			);
			runOnlyForDeploymentPostprocessing = 0;
		};
		ACC77CD9261019D800A58FEB /* Resources */ = {
			isa = PBXResourcesBuildPhase;
			buildActionMask = 2147483647;
			files = (
				ACC77CE4261019D800A58FEB /* Assets.xcassets in Resources */,
			);
			runOnlyForDeploymentPostprocessing = 0;
		};
/* End PBXResourcesBuildPhase section */

/* Begin PBXSourcesBuildPhase section */
		ACC77CCF261019D800A58FEB /* Sources */ = {
			isa = PBXSourcesBuildPhase;
			buildActionMask = 2147483647;
			files = (
				ACC77CE1261019D800A58FEB /* ContentView.swift in Sources */,
				ACC77CDF261019D800A58FEB /* PracticingDataFlowInSwiftUIApp.swift in Sources */,
				ACC77CF526101ECB00A58FEB /* ResultView.swift in Sources */,
			);
			runOnlyForDeploymentPostprocessing = 0;
		};
		ACC77CD7261019D800A58FEB /* Sources */ = {
			isa = PBXSourcesBuildPhase;
			buildActionMask = 2147483647;
			files = (
				ACC77CE2261019D800A58FEB /* ContentView.swift in Sources */,
				ACC77CE0261019D800A58FEB /* PracticingDataFlowInSwiftUIApp.swift in Sources */,
				ACC77CF626101ECB00A58FEB /* ResultView.swift in Sources */,
			);
			runOnlyForDeploymentPostprocessing = 0;
		};
/* End PBXSourcesBuildPhase section */

/* Begin XCBuildConfiguration section */
		ACC77CE5261019D800A58FEB /* Debug */ = {
			isa = XCBuildConfiguration;
			buildSettings = {
				ALWAYS_SEARCH_USER_PATHS = NO;
				CLANG_ANALYZER_NONNULL = YES;
				CLANG_ANALYZER_NUMBER_OBJECT_CONVERSION = YES_AGGRESSIVE;
				CLANG_CXX_LANGUAGE_STANDARD = "gnu++14";
				CLANG_CXX_LIBRARY = "libc++";
				CLANG_ENABLE_MODULES = YES;
				CLANG_ENABLE_OBJC_ARC = YES;
				CLANG_ENABLE_OBJC_WEAK = YES;
				CLANG_WARN_BLOCK_CAPTURE_AUTORELEASING = YES;
				CLANG_WARN_BOOL_CONVERSION = YES;
				CLANG_WARN_COMMA = YES;
				CLANG_WARN_CONSTANT_CONVERSION = YES;
				CLANG_WARN_DEPRECATED_OBJC_IMPLEMENTATIONS = YES;
				CLANG_WARN_DIRECT_OBJC_ISA_USAGE = YES_ERROR;
				CLANG_WARN_DOCUMENTATION_COMMENTS = YES;
				CLANG_WARN_EMPTY_BODY = YES;
				CLANG_WARN_ENUM_CONVERSION = YES;
				CLANG_WARN_INFINITE_RECURSION = YES;
				CLANG_WARN_INT_CONVERSION = YES;
				CLANG_WARN_NON_LITERAL_NULL_CONVERSION = YES;
				CLANG_WARN_OBJC_IMPLICIT_RETAIN_SELF = YES;
				CLANG_WARN_OBJC_LITERAL_CONVERSION = YES;
				CLANG_WARN_OBJC_ROOT_CLASS = YES_ERROR;
				CLANG_WARN_QUOTED_INCLUDE_IN_FRAMEWORK_HEADER = YES;
				CLANG_WARN_RANGE_LOOP_ANALYSIS = YES;
				CLANG_WARN_STRICT_PROTOTYPES = YES;
				CLANG_WARN_SUSPICIOUS_MOVE = YES;
				CLANG_WARN_UNGUARDED_AVAILABILITY = YES_AGGRESSIVE;
				CLANG_WARN_UNREACHABLE_CODE = YES;
				CLANG_WARN__DUPLICATE_METHOD_MATCH = YES;
				COPY_PHASE_STRIP = NO;
				DEBUG_INFORMATION_FORMAT = dwarf;
				ENABLE_STRICT_OBJC_MSGSEND = YES;
				ENABLE_TESTABILITY = YES;
				GCC_C_LANGUAGE_STANDARD = gnu11;
				GCC_DYNAMIC_NO_PIC = NO;
				GCC_NO_COMMON_BLOCKS = YES;
				GCC_OPTIMIZATION_LEVEL = 0;
				GCC_PREPROCESSOR_DEFINITIONS = (
					"DEBUG=1",
					"$(inherited)",
				);
				GCC_WARN_64_TO_32_BIT_CONVERSION = YES;
				GCC_WARN_ABOUT_RETURN_TYPE = YES_ERROR;
				GCC_WARN_UNDECLARED_SELECTOR = YES;
				GCC_WARN_UNINITIALIZED_AUTOS = YES_AGGRESSIVE;
				GCC_WARN_UNUSED_FUNCTION = YES;
				GCC_WARN_UNUSED_VARIABLE = YES;
				MTL_ENABLE_DEBUG_INFO = INCLUDE_SOURCE;
				MTL_FAST_MATH = YES;
				ONLY_ACTIVE_ARCH = YES;
				SWIFT_ACTIVE_COMPILATION_CONDITIONS = DEBUG;
				SWIFT_OPTIMIZATION_LEVEL = "-Onone";
			};
			name = Debug;
		};
		ACC77CE6261019D800A58FEB /* Release */ = {
			isa = XCBuildConfiguration;
			buildSettings = {
				ALWAYS_SEARCH_USER_PATHS = NO;
				CLANG_ANALYZER_NONNULL = YES;
				CLANG_ANALYZER_NUMBER_OBJECT_CONVERSION = YES_AGGRESSIVE;
				CLANG_CXX_LANGUAGE_STANDARD = "gnu++14";
				CLANG_CXX_LIBRARY = "libc++";
				CLANG_ENABLE_MODULES = YES;
				CLANG_ENABLE_OBJC_ARC = YES;
				CLANG_ENABLE_OBJC_WEAK = YES;
				CLANG_WARN_BLOCK_CAPTURE_AUTORELEASING = YES;
				CLANG_WARN_BOOL_CONVERSION = YES;
				CLANG_WARN_COMMA = YES;
				CLANG_WARN_CONSTANT_CONVERSION = YES;
				CLANG_WARN_DEPRECATED_OBJC_IMPLEMENTATIONS = YES;
				CLANG_WARN_DIRECT_OBJC_ISA_USAGE = YES_ERROR;
				CLANG_WARN_DOCUMENTATION_COMMENTS = YES;
				CLANG_WARN_EMPTY_BODY = YES;
				CLANG_WARN_ENUM_CONVERSION = YES;
				CLANG_WARN_INFINITE_RECURSION = YES;
				CLANG_WARN_INT_CONVERSION = YES;
				CLANG_WARN_NON_LITERAL_NULL_CONVERSION = YES;
				CLANG_WARN_OBJC_IMPLICIT_RETAIN_SELF = YES;
				CLANG_WARN_OBJC_LITERAL_CONVERSION = YES;
				CLANG_WARN_OBJC_ROOT_CLASS = YES_ERROR;
				CLANG_WARN_QUOTED_INCLUDE_IN_FRAMEWORK_HEADER = YES;
				CLANG_WARN_RANGE_LOOP_ANALYSIS = YES;
				CLANG_WARN_STRICT_PROTOTYPES = YES;
				CLANG_WARN_SUSPICIOUS_MOVE = YES;
				CLANG_WARN_UNGUARDED_AVAILABILITY = YES_AGGRESSIVE;
				CLANG_WARN_UNREACHABLE_CODE = YES;
				CLANG_WARN__DUPLICATE_METHOD_MATCH = YES;
				COPY_PHASE_STRIP = NO;
				DEBUG_INFORMATION_FORMAT = "dwarf-with-dsym";
				ENABLE_NS_ASSERTIONS = NO;
				ENABLE_STRICT_OBJC_MSGSEND = YES;
				GCC_C_LANGUAGE_STANDARD = gnu11;
				GCC_NO_COMMON_BLOCKS = YES;
				GCC_WARN_64_TO_32_BIT_CONVERSION = YES;
				GCC_WARN_ABOUT_RETURN_TYPE = YES_ERROR;
				GCC_WARN_UNDECLARED_SELECTOR = YES;
				GCC_WARN_UNINITIALIZED_AUTOS = YES_AGGRESSIVE;
				GCC_WARN_UNUSED_FUNCTION = YES;
				GCC_WARN_UNUSED_VARIABLE = YES;
				MTL_ENABLE_DEBUG_INFO = NO;
				MTL_FAST_MATH = YES;
				SWIFT_COMPILATION_MODE = wholemodule;
				SWIFT_OPTIMIZATION_LEVEL = "-O";
			};
			name = Release;
		};
		ACC77CE8261019D800A58FEB /* Debug */ = {
			isa = XCBuildConfiguration;
			buildSettings = {
				ASSETCATALOG_COMPILER_APPICON_NAME = AppIcon;
				ASSETCATALOG_COMPILER_GLOBAL_ACCENT_COLOR_NAME = AccentColor;
				CODE_SIGN_STYLE = Automatic;
				DEVELOPMENT_TEAM = G6J4RFMLHY;
				ENABLE_PREVIEWS = YES;
				INFOPLIST_FILE = iOS/Info.plist;
				IPHONEOS_DEPLOYMENT_TARGET = 14.0;
				LD_RUNPATH_SEARCH_PATHS = (
					"$(inherited)",
					"@executable_path/Frameworks",
				);
				PRODUCT_BUNDLE_IDENTIFIER = com.frederickjavalera.PracticingDataFlowInSwiftUI;
				PRODUCT_NAME = PracticingDataFlowInSwiftUI;
				SDKROOT = iphoneos;
				SWIFT_VERSION = 5.0;
				TARGETED_DEVICE_FAMILY = "1,2";
			};
			name = Debug;
		};
		ACC77CE9261019D800A58FEB /* Release */ = {
			isa = XCBuildConfiguration;
			buildSettings = {
				ASSETCATALOG_COMPILER_APPICON_NAME = AppIcon;
				ASSETCATALOG_COMPILER_GLOBAL_ACCENT_COLOR_NAME = AccentColor;
				CODE_SIGN_STYLE = Automatic;
				DEVELOPMENT_TEAM = G6J4RFMLHY;
				ENABLE_PREVIEWS = YES;
				INFOPLIST_FILE = iOS/Info.plist;
				IPHONEOS_DEPLOYMENT_TARGET = 14.0;
				LD_RUNPATH_SEARCH_PATHS = (
					"$(inherited)",
					"@executable_path/Frameworks",
				);
				PRODUCT_BUNDLE_IDENTIFIER = com.frederickjavalera.PracticingDataFlowInSwiftUI;
				PRODUCT_NAME = PracticingDataFlowInSwiftUI;
				SDKROOT = iphoneos;
				SWIFT_VERSION = 5.0;
				TARGETED_DEVICE_FAMILY = "1,2";
				VALIDATE_PRODUCT = YES;
			};
			name = Release;
		};
		ACC77CEB261019D800A58FEB /* Debug */ = {
			isa = XCBuildConfiguration;
			buildSettings = {
				ASSETCATALOG_COMPILER_APPICON_NAME = AppIcon;
				ASSETCATALOG_COMPILER_GLOBAL_ACCENT_COLOR_NAME = AccentColor;
				CODE_SIGN_ENTITLEMENTS = macOS/macOS.entitlements;
				CODE_SIGN_STYLE = Automatic;
				COMBINE_HIDPI_IMAGES = YES;
				DEVELOPMENT_TEAM = G6J4RFMLHY;
				ENABLE_HARDENED_RUNTIME = YES;
				ENABLE_PREVIEWS = YES;
				INFOPLIST_FILE = macOS/Info.plist;
				LD_RUNPATH_SEARCH_PATHS = (
					"$(inherited)",
					"@executable_path/../Frameworks",
				);
				MACOSX_DEPLOYMENT_TARGET = 11.0;
				PRODUCT_BUNDLE_IDENTIFIER = com.frederickjavalera.PracticingDataFlowInSwiftUI;
				PRODUCT_NAME = PracticingDataFlowInSwiftUI;
				SDKROOT = macosx;
				SWIFT_VERSION = 5.0;
			};
			name = Debug;
		};
		ACC77CEC261019D800A58FEB /* Release */ = {
			isa = XCBuildConfiguration;
			buildSettings = {
				ASSETCATALOG_COMPILER_APPICON_NAME = AppIcon;
				ASSETCATALOG_COMPILER_GLOBAL_ACCENT_COLOR_NAME = AccentColor;
				CODE_SIGN_ENTITLEMENTS = macOS/macOS.entitlements;
				CODE_SIGN_STYLE = Automatic;
				COMBINE_HIDPI_IMAGES = YES;
				DEVELOPMENT_TEAM = G6J4RFMLHY;
				ENABLE_HARDENED_RUNTIME = YES;
				ENABLE_PREVIEWS = YES;
				INFOPLIST_FILE = macOS/Info.plist;
				LD_RUNPATH_SEARCH_PATHS = (
					"$(inherited)",
					"@executable_path/../Frameworks",
				);
				MACOSX_DEPLOYMENT_TARGET = 11.0;
				PRODUCT_BUNDLE_IDENTIFIER = com.frederickjavalera.PracticingDataFlowInSwiftUI;
				PRODUCT_NAME = PracticingDataFlowInSwiftUI;
				SDKROOT = macosx;
				SWIFT_VERSION = 5.0;
			};
			name = Release;
		};
/* End XCBuildConfiguration section */

/* Begin XCConfigurationList section */
		ACC77CCA261019D700A58FEB /* Build configuration list for PBXProject "PracticingDataFlowInSwiftUI" */ = {
			isa = XCConfigurationList;
			buildConfigurations = (
				ACC77CE5261019D800A58FEB /* Debug */,
				ACC77CE6261019D800A58FEB /* Release */,
			);
			defaultConfigurationIsVisible = 0;
			defaultConfigurationName = Release;
		};
		ACC77CE7261019D800A58FEB /* Build configuration list for PBXNativeTarget "PracticingDataFlowInSwiftUI (iOS)" */ = {
			isa = XCConfigurationList;
			buildConfigurations = (
				ACC77CE8261019D800A58FEB /* Debug */,
				ACC77CE9261019D800A58FEB /* Release */,
			);
			defaultConfigurationIsVisible = 0;
			defaultConfigurationName = Release;
		};
		ACC77CEA261019D800A58FEB /* Build configuration list for PBXNativeTarget "PracticingDataFlowInSwiftUI (macOS)" */ = {
			isa = XCConfigurationList;
			buildConfigurations = (
				ACC77CEB261019D800A58FEB /* Debug */,
				ACC77CEC261019D800A58FEB /* Release */,
			);
			defaultConfigurationIsVisible = 0;
			defaultConfigurationName = Release;
		};
/* End XCConfigurationList section */
	};
	rootObject = ACC77CC7261019D700A58FEB /* Project object */;
}
